github.com/SermoDigital/jose v0.9.1 h1:atYaHPD3lPICcbK1owly3aPm0iaJGSGPi0WD4vLznv8=
github.com/SermoDigital/jose v0.9.1/go.mod h1:ARgCUhI1MHQH+ONky/PAtmVHQrP5JlGY0F3poXOp/fA=
github.com/dgrijalva/jwt-go v3.2.0+incompatible h1:7qlOGliEKZXTDg6OTjfoBKDXWrumCAMpl/TFQ4/5kLM=
github.com/dgrijalva/jwt-go v3.2.0+incompatible/go.mod h1:E3ru+11k8xSBh+hMPgOLZmtrrCbhqsmaPHjLKYnJCaQ=
github.com/mendsley/gojwk v0.0.0-20141217222730-4d5ec6e58103 h1:Z/i1e+gTZrmcGeZyWckaLfucYG6KYOXLWo4co8pZYNY=
github.com/mendsley/gojwk v0.0.0-20141217222730-4d5ec6e58103/go.mod h1:o9YPB5aGP8ob35Vy6+vyq3P3bWe7NQWzf+JLiXCiMaE=
